
Microsoft Visual Studio Solution File, Format Version 11.00
# Visual Studio 2010
Project("{F184B08F-C81C-45F6-A57F-5ABD9991F28F}") = "quis-maria2023804153", "quis-maria2023804153\quis-maria2023804153.vbproj", "{A544A295-8A81-4566-9AAA-487BF4292F3E}"
EndProject
Global
	GlobalSection(SolutionConfigurationPlatforms) = preSolution
		Debug|x86 = Debug|x86
		Release|x86 = Release|x86
	EndGlobalSection
	GlobalSection(ProjectConfigurationPlatforms) = postSolution
		{A544A295-8A81-4566-9AAA-487BF4292F3E}.Debug|x86.ActiveCfg = Debug|x86
		{A544A295-8A81-4566-9AAA-487BF4292F3E}.Debug|x86.Build.0 = Debug|x86
		{A544A295-8A81-4566-9AAA-487BF4292F3E}.Release|x86.ActiveCfg = Release|x86
		{A544A295-8A81-4566-9AAA-487BF4292F3E}.Release|x86.Build.0 = Release|x86
	EndGlobalSection
	GlobalSection(SolutionProperties) = preSolution
		HideSolutionNode = FALSE
	EndGlobalSection
EndGlobal
